
Microsoft Visual Studio Solution File, Format Version 12.00
# Visual Studio Version 16
VisualStudioVersion = 16.0.29613.14
MinimumVisualStudioVersion = 10.0.40219.1
Project("{9A19103F-16F7-4668-BE54-9A1E7A4F7556}") = "oop_standard", "oop_standard\oop_standard.csproj", "{39B50A6E-DB64-4FE6-86E8-CCFE8CD7A519}"
EndProject
Project("{FAE04EC0-301F-11D3-BF4B-00C04F79EFBC}") = "OOP_ConsoleApp", "OOP_ConsoleApp\OOP_ConsoleApp.csproj", "{2A3B5ACB-EBAC-42C2-9572-0D8779440182}"
EndProject
Global
	GlobalSection(SolutionConfigurationPlatforms) = preSolution
		Debug|Any CPU = Debug|Any CPU
		Release|Any CPU = Release|Any CPU
	EndGlobalSection
	GlobalSection(ProjectConfigurationPlatforms) = postSolution
		{39B50A6E-DB64-4FE6-86E8-CCFE8CD7A519}.Debug|Any CPU.ActiveCfg = Debug|Any CPU
		{39B50A6E-DB64-4FE6-86E8-CCFE8CD7A519}.Debug|Any CPU.Build.0 = Debug|Any CPU
		{39B50A6E-DB64-4FE6-86E8-CCFE8CD7A519}.Release|Any CPU.ActiveCfg = Release|Any CPU
		{39B50A6E-DB64-4FE6-86E8-CCFE8CD7A519}.Release|Any CPU.Build.0 = Release|Any CPU
		{2A3B5ACB-EBAC-42C2-9572-0D8779440182}.Debug|Any CPU.ActiveCfg = Debug|Any CPU
		{2A3B5ACB-EBAC-42C2-9572-0D8779440182}.Debug|Any CPU.Build.0 = Debug|Any CPU
		{2A3B5ACB-EBAC-42C2-9572-0D8779440182}.Release|Any CPU.ActiveCfg = Release|Any CPU
		{2A3B5ACB-EBAC-42C2-9572-0D8779440182}.Release|Any CPU.Build.0 = Release|Any CPU
	EndGlobalSection
	GlobalSection(SolutionProperties) = preSolution
		HideSolutionNode = FALSE
	EndGlobalSection
	GlobalSection(ExtensibilityGlobals) = postSolution
		SolutionGuid = {53D2C5B7-B3E5-4BA1-BA09-4F1E7BB05E8A}
	EndGlobalSection
EndGlobal
